
Microsoft Visual Studio Solution File, Format Version 12.00
# Visual Studio 14
VisualStudioVersion = 14.0.24720.0
MinimumVisualStudioVersion = 10.0.40219.1
Project("{FAE04EC0-301F-11D3-BF4B-00C04F79EFBC}") = "RecomAlgorithm", "RecomAlgorithm\RecomAlgorithm.csproj", "{B8F281A4-EADF-4023-BF9B-22F89FB8E2EC}"
EndProject
Project("{FAE04EC0-301F-11D3-BF4B-00C04F79EFBC}") = "Apriori", "..\Apriori\Apriori\Apriori.csproj", "{549929C2-F86F-418F-B143-E144076ED18B}"
EndProject
Global
	GlobalSection(SolutionConfigurationPlatforms) = preSolution
		Debug|Any CPU = Debug|Any CPU
		Release|Any CPU = Release|Any CPU
	EndGlobalSection
	GlobalSection(ProjectConfigurationPlatforms) = postSolution
		{B8F281A4-EADF-4023-BF9B-22F89FB8E2EC}.Debug|Any CPU.ActiveCfg = Debug|Any CPU
		{B8F281A4-EADF-4023-BF9B-22F89FB8E2EC}.Debug|Any CPU.Build.0 = Debug|Any CPU
		{B8F281A4-EADF-4023-BF9B-22F89FB8E2EC}.Release|Any CPU.ActiveCfg = Release|Any CPU
		{B8F281A4-EADF-4023-BF9B-22F89FB8E2EC}.Release|Any CPU.Build.0 = Release|Any CPU
		{549929C2-F86F-418F-B143-E144076ED18B}.Debug|Any CPU.ActiveCfg = Debug|Any CPU
		{549929C2-F86F-418F-B143-E144076ED18B}.Debug|Any CPU.Build.0 = Debug|Any CPU
		{549929C2-F86F-418F-B143-E144076ED18B}.Release|Any CPU.ActiveCfg = Release|Any CPU
		{549929C2-F86F-418F-B143-E144076ED18B}.Release|Any CPU.Build.0 = Release|Any CPU
	EndGlobalSection
	GlobalSection(SolutionProperties) = preSolution
		HideSolutionNode = FALSE
	EndGlobalSection
EndGlobal
